<?xml version="1.0" encoding="utf-8"?>
<Project ToolsVersion="4.0" xmlns="http://schemas.microsoft.com/developer/msbuild/2003">
  <ItemGroup>
    <Filter Include="Source Files">
      <UniqueIdentifier>{4FC737F1-C7A5-4376-A066-2A32D752A2FF}</UniqueIdentifier>
      <Extensions>cpp;c;cc;cxx;c++;cppm;ixx;def;odl;idl;hpj;bat;asm;asmx</Extensions>
    </Filter>
    <Filter Include="Header Files">
      <UniqueIdentifier>{93995380-89BD-4b04-88EB-625FBE52EBFB}</UniqueIdentifier>
      <Extensions>h;hh;hpp;hxx;h++;hm;inl;inc;ipp;xsd</Extensions>
    </Filter>
    <Filter Include="Resource Files">
      <UniqueIdentifier>{67DA6AB6-F800-4c08-8B7A-83BB121AAD01}</UniqueIdentifier>
      <Extensions>rc;ico;cur;bmp;dlg;rc2;rct;bin;rgs;gif;jpg;jpeg;jpe;resx;tiff;tif;png;wav;mfcribbon-ms</Extensions>
    </Filter>
  </ItemGroup>
  <ItemGroup>
    <ClCompile Include="source\Main.cpp">
      <Filter>Source Files</Filter>
    </ClCompile>
    <ClCompile Include="source\Game.cpp">
      <Filter>Source Files</Filter>
    </ClCompile>
    <ClCompile Include="source\Logger.cpp">
      <Filter>Source Files</Filter>
    </ClCompile>
    <ClCompile Include="source\Console.cpp">
      <Filter>Source Files</Filter>
    </ClCompile>
    <ClCompile Include="source\Inputs\Keyboard.cpp">
      <Filter>Source Files</Filter>
    </ClCompile>
    <ClCompile Include="source\states\StateMachine.cpp">
      <Filter>Source Files</Filter>
    </ClCompile>
    <ClCompile Include="source\states\GameState.cpp">
      <Filter>Source Files</Filter>
    </ClCompile>
    <ClCompile Include="source\Actor.cpp">
      <Filter>Source Files</Filter>
    </ClCompile>
    <ClCompile Include="source\Player.cpp">
      <Filter>Source Files</Filter>
    </ClCompile>
    <ClCompile Include="source\Inventory.cpp">
      <Filter>Source Files</Filter>
    </ClCompile>
    <ClCompile Include="source\Equipment.cpp">
      <Filter>Source Files</Filter>
    </ClCompile>
    <ClCompile Include="source\Stats.cpp">
      <Filter>Source Files</Filter>
    </ClCompile>
    <ClCompile Include="source\Party.cpp">
      <Filter>Source Files</Filter>
    </ClCompile>
    <ClCompile Include="source\Potion.cpp">
      <Filter>Source Files</Filter>
    </ClCompile>
    <ClCompile Include="source\states\GameMenuState.cpp">
      <Filter>Source Files</Filter>
    </ClCompile>
    <ClCompile Include="source\utility\timer.cpp">
      <Filter>Source Files</Filter>
    </ClCompile>
    <ClCompile Include="source\utility\Globals.cpp">
      <Filter>Source Files</Filter>
    </ClCompile>
    <ClCompile Include="source\utility\trpg_utilities.cpp">
      <Filter>Source Files</Filter>
    </ClCompile>
    <ClCompile Include="libs\tinyxml2\tinyxml2.cpp">
      <Filter>Source Files</Filter>
    </ClCompile>
    <ClCompile Include="source\utility\ItemLoader.cpp">
      <Filter>Source Files</Filter>
    </ClCompile>
    <ClCompile Include="source\utility\Equipment.Loader.cpp">
      <Filter>Source Files</Filter>
    </ClCompile>
    <ClCompile Include="source\states\ItemMenuState.cpp">
      <Filter>Source Files</Filter>
    </ClCompile>
    <ClCompile Include="source\states\EquipmentMenuState.cpp">
      <Filter>Source Files</Filter>
    </ClCompile>
    <ClCompile Include="source\states\StatusMenuState.cpp">
      <Filter>Source Files</Filter>
    </ClCompile>
    <ClCompile Include="source\utility\TypeWriter.cpp">
      <Filter>Source Files</Filter>
    </ClCompile>
    <ClCompile Include="source\utility\ShopLoader.cpp">
      <Filter>Source Files</Filter>
    </ClCompile>
    <ClCompile Include="source\states\ShopState.cpp">
      <Filter>Source Files</Filter>
    </ClCompile>
  </ItemGroup>
  <ItemGroup>
    <ClInclude Include="source\Game.h">
      <Filter>Header Files</Filter>
    </ClInclude>
    <ClInclude Include="source\Logger.h">
      <Filter>Header Files</Filter>
    </ClInclude>
    <ClInclude Include="source\utility\Colours.h">
      <Filter>Header Files</Filter>
    </ClInclude>
    <ClInclude Include="source\Console.h">
      <Filter>Header Files</Filter>
    </ClInclude>
    <ClInclude Include="source\Inputs\Button.h">
      <Filter>Header Files</Filter>
    </ClInclude>
    <ClInclude Include="source\Inputs\Keys.h">
      <Filter>Header Files</Filter>
    </ClInclude>
    <ClInclude Include="source\Inputs\Keyboard.h">
      <Filter>Header Files</Filter>
    </ClInclude>
    <ClInclude Include="source\states\IState.h">
      <Filter>Header Files</Filter>
    </ClInclude>
    <ClInclude Include="source\states\StateMachine.h">
      <Filter>Header Files</Filter>
    </ClInclude>
    <ClInclude Include="source\states\GameState.h">
      <Filter>Header Files</Filter>
    </ClInclude>
    <ClInclude Include="source\Selector.h">
      <Filter>Header Files</Filter>
    </ClInclude>
    <ClInclude Include="source\Actor.h">
      <Filter>Header Files</Filter>
    </ClInclude>
    <ClInclude Include="source\Player.h">
      <Filter>Header Files</Filter>
    </ClInclude>
    <ClInclude Include="source\Equipment.h">
      <Filter>Header Files</Filter>
    </ClInclude>
    <ClInclude Include="source\Item.h">
      <Filter>Header Files</Filter>
    </ClInclude>
    <ClInclude Include="source\Inventory.h">
      <Filter>Header Files</Filter>
    </ClInclude>
    <ClInclude Include="source\Stats.h">
      <Filter>Header Files</Filter>
    </ClInclude>
    <ClInclude Include="source\Party.h">
      <Filter>Header Files</Filter>
    </ClInclude>
    <ClInclude Include="source\utility\trpg_utilities.h">
      <Filter>Header Files</Filter>
    </ClInclude>
    <ClInclude Include="source\Potion.h">
      <Filter>Header Files</Filter>
    </ClInclude>
    <ClInclude Include="source\utility\ItemCreator.h">
      <Filter>Header Files</Filter>
    </ClInclude>
    <ClInclude Include="source\states\GameMenuState.h">
      <Filter>Header Files</Filter>
    </ClInclude>
    <ClInclude Include="source\utility\timer.h">
      <Filter>Header Files</Filter>
    </ClInclude>
    <ClInclude Include="source\utility\Globals.h">
      <Filter>Header Files</Filter>
    </ClInclude>
    <ClInclude Include="libs\tinyxml2\tinyxml2.h">
      <Filter>Header Files</Filter>
    </ClInclude>
    <ClInclude Include="source\utility\Parser.h">
      <Filter>Header Files</Filter>
    </ClInclude>
    <ClInclude Include="source\utility\ItemLoader.h">
      <Filter>Header Files</Filter>
    </ClInclude>
    <ClInclude Include="source\utility\Equipment.Loader.h">
      <Filter>Header Files</Filter>
    </ClInclude>
    <ClInclude Include="source\states\ItemMenuState.h">
      <Filter>Header Files</Filter>
    </ClInclude>
    <ClInclude Include="source\states\EquipmentMenuState.h">
      <Filter>Header Files</Filter>
    </ClInclude>
    <ClInclude Include="source\states\StatusMenuState.h">
      <Filter>Header Files</Filter>
    </ClInclude>
    <ClInclude Include="source\utility\TypeWriter.h">
      <Filter>Header Files</Filter>
    </ClInclude>
    <ClInclude Include="source\utility\ShopParameters.h">
      <Filter>Header Files</Filter>
    </ClInclude>
    <ClInclude Include="source\utility\ShopLoader.h">
      <Filter>Header Files</Filter>
    </ClInclude>
    <ClInclude Include="source\states\ShopState.h">
      <Filter>Header Files</Filter>
    </ClInclude>
  </ItemGroup>
  <ItemGroup>
    <Text Include="libs\tinyxml2\LICENSE.txt" />
  </ItemGroup>
  <ItemGroup>
    <Xml Include="assets\xml_files\itemDefs.xml" />
    <Xml Include="assets\xml_files\WeaponDefs.xml" />
    <Xml Include="assets\xml_files\AmourDefs.xml" />
    <Xml Include="assets\xml_files\ArmourShopDef_1.xml" />
    <Xml Include="assets\xml_files\WeaponShopDef_1.xml" />
  </ItemGroup>
</Project>